
Microsoft Visual Studio Solution File, Format Version 12.00
# Visual Studio Version 17
VisualStudioVersion = 17.1.32328.378
MinimumVisualStudioVersion = 10.0.40219.1
Project("{9A19103F-16F7-4668-BE54-9A1E7A4F7556}") = "ArmoniK.Samples.HtcMockSymphonyClient", "ArmoniK.Samples.HtcMockSymphonyClient\ArmoniK.Samples.HtcMockSymphonyClient.csproj", "{7B2841D4-6A51-4B79-A9BA-244542C93398}"
EndProject
Project("{9A19103F-16F7-4668-BE54-9A1E7A4F7556}") = "ArmoniK.Samples.HtcMockSymphonyPackage", "ArmoniK.Samples.HtcMockSymphonyPackage\ArmoniK.Samples.HtcMockSymphonyPackage.csproj", "{65DA081E-BEE9-475E-906E-CB5C32A4B3D1}"
EndProject
Global
	GlobalSection(SolutionConfigurationPlatforms) = preSolution
		Debug|Any CPU = Debug|Any CPU
		Release|Any CPU = Release|Any CPU
	EndGlobalSection
	GlobalSection(ProjectConfigurationPlatforms) = postSolution
		{7B2841D4-6A51-4B79-A9BA-244542C93398}.Debug|Any CPU.ActiveCfg = Debug|Any CPU
		{7B2841D4-6A51-4B79-A9BA-244542C93398}.Debug|Any CPU.Build.0 = Debug|Any CPU
		{7B2841D4-6A51-4B79-A9BA-244542C93398}.Release|Any CPU.ActiveCfg = Release|Any CPU
		{7B2841D4-6A51-4B79-A9BA-244542C93398}.Release|Any CPU.Build.0 = Release|Any CPU
		{65DA081E-BEE9-475E-906E-CB5C32A4B3D1}.Debug|Any CPU.ActiveCfg = Debug|Any CPU
		{65DA081E-BEE9-475E-906E-CB5C32A4B3D1}.Debug|Any CPU.Build.0 = Debug|Any CPU
		{65DA081E-BEE9-475E-906E-CB5C32A4B3D1}.Release|Any CPU.ActiveCfg = Release|Any CPU
		{65DA081E-BEE9-475E-906E-CB5C32A4B3D1}.Release|Any CPU.Build.0 = Release|Any CPU
	EndGlobalSection
	GlobalSection(SolutionProperties) = preSolution
		HideSolutionNode = FALSE
	EndGlobalSection
	GlobalSection(ExtensibilityGlobals) = postSolution
		SolutionGuid = {208CCD9D-1790-4B05-8538-C7C59DE6F48A}
	EndGlobalSection
EndGlobal
