
Microsoft Visual Studio Solution File, Format Version 12.00
# Visual Studio Version 16
VisualStudioVersion = 16.0.30114.105
MinimumVisualStudioVersion = 10.0.40219.1
Project("{FAE04EC0-301F-11D3-BF4B-00C04F79EFBC}") = "QuantLib", "QuantLib\QuantLib.csproj", "{93474EB0-FDD1-48F1-A79B-C971D65F19E8}"
EndProject
Project("{FAE04EC0-301F-11D3-BF4B-00C04F79EFBC}") = "Services", "Services\Services.csproj", "{21D51921-061E-4F6E-BA65-390FEFECA8C9}"
EndProject
Project("{FAE04EC0-301F-11D3-BF4B-00C04F79EFBC}") = "Client", "Client\Client.csproj", "{EDA633BE-A947-46BB-94F3-583B9CFBBB2C}"
EndProject
Global
	GlobalSection(SolutionConfigurationPlatforms) = preSolution
		Debug|Any CPU = Debug|Any CPU
		Release|Any CPU = Release|Any CPU
	EndGlobalSection
	GlobalSection(SolutionProperties) = preSolution
		HideSolutionNode = FALSE
	EndGlobalSection
	GlobalSection(ProjectConfigurationPlatforms) = postSolution
		{93474EB0-FDD1-48F1-A79B-C971D65F19E8}.Debug|Any CPU.ActiveCfg = Debug|Any CPU
		{93474EB0-FDD1-48F1-A79B-C971D65F19E8}.Debug|Any CPU.Build.0 = Debug|Any CPU
		{93474EB0-FDD1-48F1-A79B-C971D65F19E8}.Release|Any CPU.ActiveCfg = Release|Any CPU
		{93474EB0-FDD1-48F1-A79B-C971D65F19E8}.Release|Any CPU.Build.0 = Release|Any CPU
		{21D51921-061E-4F6E-BA65-390FEFECA8C9}.Debug|Any CPU.ActiveCfg = Debug|Any CPU
		{21D51921-061E-4F6E-BA65-390FEFECA8C9}.Debug|Any CPU.Build.0 = Debug|Any CPU
		{21D51921-061E-4F6E-BA65-390FEFECA8C9}.Release|Any CPU.ActiveCfg = Release|Any CPU
		{21D51921-061E-4F6E-BA65-390FEFECA8C9}.Release|Any CPU.Build.0 = Release|Any CPU
		{EDA633BE-A947-46BB-94F3-583B9CFBBB2C}.Debug|Any CPU.ActiveCfg = Debug|Any CPU
		{EDA633BE-A947-46BB-94F3-583B9CFBBB2C}.Debug|Any CPU.Build.0 = Debug|Any CPU
		{EDA633BE-A947-46BB-94F3-583B9CFBBB2C}.Release|Any CPU.ActiveCfg = Release|Any CPU
		{EDA633BE-A947-46BB-94F3-583B9CFBBB2C}.Release|Any CPU.Build.0 = Release|Any CPU
	EndGlobalSection
EndGlobal
