
Microsoft Visual Studio Solution File, Format Version 12.00
# Visual Studio Version 17
VisualStudioVersion = 17.0.31912.275
MinimumVisualStudioVersion = 10.0.40219.1
Project("{9A19103F-16F7-4668-BE54-9A1E7A4F7556}") = "ArmoniK.Samples.SymphonyPackage", "ArmoniK.Samples.SymphonyPackage\ArmoniK.Samples.SymphonyPackage.csproj", "{480BF61F-FE75-4D59-B50B-11387ECABA3A}"
EndProject
Project("{9A19103F-16F7-4668-BE54-9A1E7A4F7556}") = "ArmoniK.Samples.SymphonyClient", "ArmoniK.Samples.SymphonyClient\ArmoniK.Samples.SymphonyClient.csproj", "{9936109A-B362-4444-A3FC-4895A6E79796}"
EndProject
Project("{9A19103F-16F7-4668-BE54-9A1E7A4F7556}") = "ArmoniK.Samples.Symphony.Common", "ArmoniK.Samples.Symphony.Common\ArmoniK.Samples.Symphony.Common.csproj", "{D90A443F-293C-4ADC-B36F-EAEBDA35C554}"
EndProject
Project("{2150E333-8FDC-42A3-9474-1A3956D46DE8}") = "nuget", "nuget", "{DF492EEF-172B-4070-937A-C74211ED57E0}"
	ProjectSection(SolutionItems) = preProject
		nuget.config = nuget.config
	EndProjectSection
EndProject
Global
	GlobalSection(SolutionConfigurationPlatforms) = preSolution
		Debug|Any CPU = Debug|Any CPU
		Debug|x64 = Debug|x64
		Debug|x86 = Debug|x86
		Release|Any CPU = Release|Any CPU
		Release|x64 = Release|x64
		Release|x86 = Release|x86
	EndGlobalSection
	GlobalSection(ProjectConfigurationPlatforms) = postSolution
		{480BF61F-FE75-4D59-B50B-11387ECABA3A}.Debug|Any CPU.ActiveCfg = Debug|Any CPU
		{480BF61F-FE75-4D59-B50B-11387ECABA3A}.Debug|Any CPU.Build.0 = Debug|Any CPU
		{480BF61F-FE75-4D59-B50B-11387ECABA3A}.Debug|x64.ActiveCfg = Debug|x64
		{480BF61F-FE75-4D59-B50B-11387ECABA3A}.Debug|x64.Build.0 = Debug|x64
		{480BF61F-FE75-4D59-B50B-11387ECABA3A}.Debug|x86.ActiveCfg = Debug|Any CPU
		{480BF61F-FE75-4D59-B50B-11387ECABA3A}.Debug|x86.Build.0 = Debug|Any CPU
		{480BF61F-FE75-4D59-B50B-11387ECABA3A}.Release|Any CPU.ActiveCfg = Release|Any CPU
		{480BF61F-FE75-4D59-B50B-11387ECABA3A}.Release|Any CPU.Build.0 = Release|Any CPU
		{480BF61F-FE75-4D59-B50B-11387ECABA3A}.Release|x64.ActiveCfg = Release|Any CPU
		{480BF61F-FE75-4D59-B50B-11387ECABA3A}.Release|x64.Build.0 = Release|Any CPU
		{480BF61F-FE75-4D59-B50B-11387ECABA3A}.Release|x86.ActiveCfg = Release|Any CPU
		{480BF61F-FE75-4D59-B50B-11387ECABA3A}.Release|x86.Build.0 = Release|Any CPU
		{9936109A-B362-4444-A3FC-4895A6E79796}.Debug|Any CPU.ActiveCfg = Debug|Any CPU
		{9936109A-B362-4444-A3FC-4895A6E79796}.Debug|Any CPU.Build.0 = Debug|Any CPU
		{9936109A-B362-4444-A3FC-4895A6E79796}.Debug|x64.ActiveCfg = Debug|x64
		{9936109A-B362-4444-A3FC-4895A6E79796}.Debug|x64.Build.0 = Debug|x64
		{9936109A-B362-4444-A3FC-4895A6E79796}.Debug|x86.ActiveCfg = Debug|Any CPU
		{9936109A-B362-4444-A3FC-4895A6E79796}.Debug|x86.Build.0 = Debug|Any CPU
		{9936109A-B362-4444-A3FC-4895A6E79796}.Release|Any CPU.ActiveCfg = Release|Any CPU
		{9936109A-B362-4444-A3FC-4895A6E79796}.Release|Any CPU.Build.0 = Release|Any CPU
		{9936109A-B362-4444-A3FC-4895A6E79796}.Release|x64.ActiveCfg = Release|Any CPU
		{9936109A-B362-4444-A3FC-4895A6E79796}.Release|x64.Build.0 = Release|Any CPU
		{9936109A-B362-4444-A3FC-4895A6E79796}.Release|x86.ActiveCfg = Release|Any CPU
		{9936109A-B362-4444-A3FC-4895A6E79796}.Release|x86.Build.0 = Release|Any CPU
		{D90A443F-293C-4ADC-B36F-EAEBDA35C554}.Debug|Any CPU.ActiveCfg = Debug|Any CPU
		{D90A443F-293C-4ADC-B36F-EAEBDA35C554}.Debug|Any CPU.Build.0 = Debug|Any CPU
		{D90A443F-293C-4ADC-B36F-EAEBDA35C554}.Debug|x64.ActiveCfg = Debug|x64
		{D90A443F-293C-4ADC-B36F-EAEBDA35C554}.Debug|x64.Build.0 = Debug|x64
		{D90A443F-293C-4ADC-B36F-EAEBDA35C554}.Debug|x86.ActiveCfg = Debug|Any CPU
		{D90A443F-293C-4ADC-B36F-EAEBDA35C554}.Debug|x86.Build.0 = Debug|Any CPU
		{D90A443F-293C-4ADC-B36F-EAEBDA35C554}.Release|Any CPU.ActiveCfg = Release|Any CPU
		{D90A443F-293C-4ADC-B36F-EAEBDA35C554}.Release|Any CPU.Build.0 = Release|Any CPU
		{D90A443F-293C-4ADC-B36F-EAEBDA35C554}.Release|x64.ActiveCfg = Release|Any CPU
		{D90A443F-293C-4ADC-B36F-EAEBDA35C554}.Release|x64.Build.0 = Release|Any CPU
		{D90A443F-293C-4ADC-B36F-EAEBDA35C554}.Release|x86.ActiveCfg = Release|Any CPU
		{D90A443F-293C-4ADC-B36F-EAEBDA35C554}.Release|x86.Build.0 = Release|Any CPU
	EndGlobalSection
	GlobalSection(SolutionProperties) = preSolution
		HideSolutionNode = FALSE
	EndGlobalSection
	GlobalSection(ExtensibilityGlobals) = postSolution
		SolutionGuid = {AB7FEA5B-DC6A-4691-B463-F39ED86E2807}
	EndGlobalSection
EndGlobal
