
Microsoft Visual Studio Solution File, Format Version 12.00
# Visual Studio Version 16
VisualStudioVersion = 16.0.31911.196
MinimumVisualStudioVersion = 10.0.40219.1
Project("{9A19103F-16F7-4668-BE54-9A1E7A4F7556}") = "ArmoniK.Samples.HtcMock.Adapter", "Adapter\src\ArmoniK.Samples.HtcMock.Adapter.csproj", "{EA0E7A8F-8276-4816-A085-1D3584C75654}"
EndProject
Project("{2150E333-8FDC-42A3-9474-1A3956D46DE8}") = "Sources", "Sources", "{FB143F23-CB1B-41A5-B53B-3EA399F3AC6A}"
EndProject
Project("{9A19103F-16F7-4668-BE54-9A1E7A4F7556}") = "ArmoniK.Samples.HtcMock.Client", "Client\src\ArmoniK.Samples.HtcMock.Client.csproj", "{BAEBA991-CE64-44BB-B22F-364A45546A7B}"
EndProject
Project("{9A19103F-16F7-4668-BE54-9A1E7A4F7556}") = "ArmoniK.Samples.HtcMock.GridWorker", "GridWorker\src\ArmoniK.Samples.HtcMock.GridWorker.csproj", "{33357CF2-51BA-4521-BACD-EE6D8422BEBF}"
EndProject
Global
	GlobalSection(SolutionConfigurationPlatforms) = preSolution
		Debug|Any CPU = Debug|Any CPU
		Release|Any CPU = Release|Any CPU
	EndGlobalSection
	GlobalSection(ProjectConfigurationPlatforms) = postSolution
		{EA0E7A8F-8276-4816-A085-1D3584C75654}.Debug|Any CPU.ActiveCfg = Debug|Any CPU
		{EA0E7A8F-8276-4816-A085-1D3584C75654}.Debug|Any CPU.Build.0 = Debug|Any CPU
		{EA0E7A8F-8276-4816-A085-1D3584C75654}.Release|Any CPU.ActiveCfg = Release|Any CPU
		{EA0E7A8F-8276-4816-A085-1D3584C75654}.Release|Any CPU.Build.0 = Release|Any CPU
		{BAEBA991-CE64-44BB-B22F-364A45546A7B}.Debug|Any CPU.ActiveCfg = Debug|Any CPU
		{BAEBA991-CE64-44BB-B22F-364A45546A7B}.Debug|Any CPU.Build.0 = Debug|Any CPU
		{BAEBA991-CE64-44BB-B22F-364A45546A7B}.Release|Any CPU.ActiveCfg = Release|Any CPU
		{BAEBA991-CE64-44BB-B22F-364A45546A7B}.Release|Any CPU.Build.0 = Release|Any CPU
		{33357CF2-51BA-4521-BACD-EE6D8422BEBF}.Debug|Any CPU.ActiveCfg = Debug|Any CPU
		{33357CF2-51BA-4521-BACD-EE6D8422BEBF}.Debug|Any CPU.Build.0 = Debug|Any CPU
		{33357CF2-51BA-4521-BACD-EE6D8422BEBF}.Release|Any CPU.ActiveCfg = Release|Any CPU
		{33357CF2-51BA-4521-BACD-EE6D8422BEBF}.Release|Any CPU.Build.0 = Release|Any CPU
	EndGlobalSection
	GlobalSection(SolutionProperties) = preSolution
		HideSolutionNode = FALSE
	EndGlobalSection
	GlobalSection(NestedProjects) = preSolution
		{EA0E7A8F-8276-4816-A085-1D3584C75654} = {FB143F23-CB1B-41A5-B53B-3EA399F3AC6A}
		{BAEBA991-CE64-44BB-B22F-364A45546A7B} = {FB143F23-CB1B-41A5-B53B-3EA399F3AC6A}
		{33357CF2-51BA-4521-BACD-EE6D8422BEBF} = {FB143F23-CB1B-41A5-B53B-3EA399F3AC6A}
	EndGlobalSection
	GlobalSection(ExtensibilityGlobals) = postSolution
		SolutionGuid = {CF74B782-EC0A-4F4A-B893-91444E6A193E}
	EndGlobalSection
EndGlobal
