
Microsoft Visual Studio Solution File, Format Version 12.00
# Visual Studio Version 17
VisualStudioVersion = 17.0.31912.275
MinimumVisualStudioVersion = 10.0.40219.1
Project("{2150E333-8FDC-42A3-9474-1A3956D46DE8}") = "nuget", "nuget", "{DF492EEF-172B-4070-937A-C74211ED57E0}"
	ProjectSection(SolutionItems) = preProject
		nuget.config = nuget.config
	EndProjectSection
EndProject
Project("{9A19103F-16F7-4668-BE54-9A1E7A4F7556}") = "ArmoniK.Samples.GridServer.Common", "ArmoniK.Samples.GridServer.Common\ArmoniK.Samples.GridServer.Common.csproj", "{3BA58710-C168-451F-950B-57E6325BD803}"
EndProject
Project("{9A19103F-16F7-4668-BE54-9A1E7A4F7556}") = "ArmoniK.Samples.GridServer.Client", "ArmoniK.Samples.GridServer.Client\ArmoniK.Samples.GridServer.Client.csproj", "{C5B0D44A-1345-410B-838A-1CBE245D982D}"
EndProject
Project("{9A19103F-16F7-4668-BE54-9A1E7A4F7556}") = "ArmoniK.Samples.GridServer.Services", "ArmoniK.Samples.GridServer.Services\ArmoniK.Samples.GridServer.Services.csproj", "{450CEA14-9995-44AF-920B-F40F1CE6D5C9}"
EndProject
Global
	GlobalSection(SolutionConfigurationPlatforms) = preSolution
		Debug|Any CPU = Debug|Any CPU
		Release|Any CPU = Release|Any CPU
	EndGlobalSection
	GlobalSection(ProjectConfigurationPlatforms) = postSolution
		{3BA58710-C168-451F-950B-57E6325BD803}.Debug|Any CPU.ActiveCfg = Debug|Any CPU
		{3BA58710-C168-451F-950B-57E6325BD803}.Debug|Any CPU.Build.0 = Debug|Any CPU
		{3BA58710-C168-451F-950B-57E6325BD803}.Release|Any CPU.ActiveCfg = Release|Any CPU
		{3BA58710-C168-451F-950B-57E6325BD803}.Release|Any CPU.Build.0 = Release|Any CPU
		{C5B0D44A-1345-410B-838A-1CBE245D982D}.Debug|Any CPU.ActiveCfg = Debug|Any CPU
		{C5B0D44A-1345-410B-838A-1CBE245D982D}.Debug|Any CPU.Build.0 = Debug|Any CPU
		{C5B0D44A-1345-410B-838A-1CBE245D982D}.Release|Any CPU.ActiveCfg = Release|Any CPU
		{C5B0D44A-1345-410B-838A-1CBE245D982D}.Release|Any CPU.Build.0 = Release|Any CPU
		{450CEA14-9995-44AF-920B-F40F1CE6D5C9}.Debug|Any CPU.ActiveCfg = Debug|Any CPU
		{450CEA14-9995-44AF-920B-F40F1CE6D5C9}.Debug|Any CPU.Build.0 = Debug|Any CPU
		{450CEA14-9995-44AF-920B-F40F1CE6D5C9}.Release|Any CPU.ActiveCfg = Release|Any CPU
		{450CEA14-9995-44AF-920B-F40F1CE6D5C9}.Release|Any CPU.Build.0 = Release|Any CPU
	EndGlobalSection
	GlobalSection(SolutionProperties) = preSolution
		HideSolutionNode = FALSE
	EndGlobalSection
	GlobalSection(ExtensibilityGlobals) = postSolution
		SolutionGuid = {AB7FEA5B-DC6A-4691-B463-F39ED86E2807}
	EndGlobalSection
EndGlobal
